{
  "version": 4,
  "terraform_version": "1.3.7",
  "serial": 14,
  "lineage": "ffb5a2f0-5525-1a44-33f9-b5fb10b3311f",
  "outputs": {
    "service_endpoint": {
      "value": "a599f3ad3536c4434bbf4621d8cfcaf7-249912035.us-east-2.elb.amazonaws.com",
      "type": "string"
    }
  },
  "resources": [
    {
      "mode": "data",
      "type": "aws_eks_cluster",
      "name": "cluster",
      "provider": "provider[\"registry.terraform.io/hashicorp/aws\"]",
      "instances": [
        {
          "schema_version": 0,
          "attributes": {
            "arn": "arn:aws:eks:us-east-2:503429013155:cluster/education-eks-kgqHD7XF",
            "certificate_authority": [
              {
                "data": "LS0tLS1CRUdJTiBDRVJUSUZJQ0FURS0tLS0tCk1JSUMvakNDQWVhZ0F3SUJBZ0lCQURBTkJna3Foa2lHOXcwQkFRc0ZBREFWTVJNd0VRWURWUVFERXdwcmRXSmwKY201bGRHVnpNQjRYRFRJek1ERXlNakl6TlRNek1sb1hEVE16TURFeE9USXpOVE16TWxvd0ZURVRNQkVHQTFVRQpBeE1LYTNWaVpYSnVaWFJsY3pDQ0FTSXdEUVlKS29aSWh2Y05BUUVCQlFBRGdnRVBBRENDQVFvQ2dnRUJBTDAxCk9tRVBCblg4Mkd0M0Q0dDdKU2pQbStLT3RCdkRhMFZDdXJiWnBlQVIwekVOM2lEQVVrUHlDTytKSGpveHI5bEkKaXNoV0xTekNxcHF4Vy9TTW5Lck5GNDdWVnVkbmV2SDFKSXphSHZVU2FZbENENFJiTU16R0dZNEpGa2kydmljTgpLa08rMjEwN1Jtdkt5VFl3SHY2TWNBcnFwRXlDaGVsSERWb3dOeTc5VFViSlVZY1NEQnR4SzFhMUc4akFaS0ZWCmVCWlptMUxzaEx4R29uMDJMRm5rNGNBMTZpL2Z3bi9Jck5IWE9Tanl1enVxdU12MjVhV0kyYzdSODd5WmQzL24KeGh0czBIcDltNm82QnFNRHppV3BrbGFwb01XcGZCb1JKbTc4VXBNRG4xNHBBYXJxS1JxUWhOOTRuUUk4Qk5RcwpQTGJXaTB6VEFCU2xmSlVBOXFjQ0F3RUFBYU5aTUZjd0RnWURWUjBQQVFIL0JBUURBZ0trTUE4R0ExVWRFd0VCCi93UUZNQU1CQWY4d0hRWURWUjBPQkJZRUZIUVVKVklIQ09VVGdNeWVYSGRqMzhrK040aS9NQlVHQTFVZEVRUU8KTUF5Q0NtdDFZbVZ5Ym1WMFpYTXdEUVlKS29aSWh2Y05BUUVMQlFBRGdnRUJBSm9UU1JLc2hZMEpRK2NqMGFXWgo4V0ZYM0Zuc1JtMERJcmFMTFZiSlVQMUFwaTFYNUIzY1lGK2V3SEpmejMvRmc0ZlFsQVBYS0lmNE8zRlRGb0NjClI0bmpIMzRJRWd1VDh3dkc5Y0Z5WW9jTlZnY1FTOFNYY1JINjVDckxzL0NjTjV2NWxMRnRvc24yRWcrNTBZczkKR28vMEVQMnB4Y1h0Rkl4ZFNJeHFCbWNrRnF4QmZ0VGFSUm5sL2Ezc1A1TDArTHo5ck1UYnBWVEhYTjlGK2xtdQp1ZmhUY0pmSUpNa1p6WUFSaitWZ1o5NkU3RmpwRDFoSUVZbGZJcTlKRmpNeGo4V1ZSSG5VaHo2NWpyZ2M0TS9UClhsODNhZTVZeE5tMktIenlnRXlSaFhRaEtxR2ZRdU0ySkhjSzJqc0hHdHhZdkttR3FtanJVWGs4NG5sM3dmNVgKOFRnPQotLS0tLUVORCBDRVJUSUZJQ0FURS0tLS0tCg=="
              }
            ],
            "cluster_id": null,
            "created_at": "2023-01-22 23:48:16.747 +0000 UTC",
            "enabled_cluster_log_types": [
              "api",
              "audit",
              "authenticator"
            ],
            "endpoint": "https://23A35A9F6A4BDA48A3381AA86E82AFC2.gr7.us-east-2.eks.amazonaws.com",
            "id": "education-eks-kgqHD7XF",
            "identity": [
              {
                "oidc": [
                  {
                    "issuer": "https://oidc.eks.us-east-2.amazonaws.com/id/23A35A9F6A4BDA48A3381AA86E82AFC2"
                  }
                ]
              }
            ],
            "kubernetes_network_config": [
              {
                "ip_family": "ipv4",
                "service_ipv4_cidr": "172.20.0.0/16",
                "service_ipv6_cidr": ""
              }
            ],
            "name": "education-eks-kgqHD7XF",
            "outpost_config": [],
            "platform_version": "eks.3",
            "role_arn": "arn:aws:iam::503429013155:role/education-eks-kgqHD7XF-cluster-20230122234755307000000003",
            "status": "ACTIVE",
            "tags": {},
            "version": "1.24",
            "vpc_config": [
              {
                "cluster_security_group_id": "sg-0b4695027d20ac368",
                "endpoint_private_access": true,
                "endpoint_public_access": true,
                "public_access_cidrs": [
                  "0.0.0.0/0"
                ],
                "security_group_ids": [
                  "sg-021af1dee691e7182"
                ],
                "subnet_ids": [
                  "subnet-08a1e766399119f02",
                  "subnet-08abc2755155ca1a4",
                  "subnet-08d7a3ad785d99099"
                ],
                "vpc_id": "vpc-0c8b90e10c68baa79"
              }
            ]
          },
          "sensitive_attributes": []
        }
      ]
    },
    {
      "mode": "data",
      "type": "terraform_remote_state",
      "name": "eks",
      "provider": "provider[\"terraform.io/builtin/terraform\"]",
      "instances": [
        {
          "schema_version": 0,
          "attributes": {
            "backend": "local",
            "config": {
              "value": {
                "path": "../terraform.tfstate"
              },
              "type": [
                "object",
                {
                  "path": "string"
                }
              ]
            },
            "defaults": null,
            "outputs": {
              "value": {
                "cluster_endpoint": "https://23A35A9F6A4BDA48A3381AA86E82AFC2.gr7.us-east-2.eks.amazonaws.com",
                "cluster_name": "education-eks-kgqHD7XF",
                "cluster_security_group_id": "sg-021af1dee691e7182",
                "region": "us-east-2"
              },
              "type": [
                "object",
                {
                  "cluster_endpoint": "string",
                  "cluster_name": "string",
                  "cluster_security_group_id": "string",
                  "region": "string"
                }
              ]
            },
            "workspace": null
          },
          "sensitive_attributes": []
        }
      ]
    },
    {
      "mode": "managed",
      "type": "kubernetes_deployment",
      "name": "rest-api",
      "provider": "provider[\"registry.terraform.io/hashicorp/kubernetes\"]",
      "instances": [
        {
          "schema_version": 1,
          "attributes": {
            "id": "default/scalable-rest-example",
            "metadata": [
              {
                "annotations": {},
                "generate_name": "",
                "generation": 1,
                "labels": {
                  "App": "ScalableRESTExample"
                },
                "name": "scalable-rest-example",
                "namespace": "default",
                "resource_version": "17793",
                "uid": "de63c049-55e4-4505-adfa-683c0ab5f00b"
              }
            ],
            "spec": [
              {
                "min_ready_seconds": 0,
                "paused": false,
                "progress_deadline_seconds": 600,
                "replicas": "2",
                "revision_history_limit": 10,
                "selector": [
                  {
                    "match_expressions": [],
                    "match_labels": {
                      "App": "ScalableRESTExample"
                    }
                  }
                ],
                "strategy": [
                  {
                    "rolling_update": [
                      {
                        "max_surge": "25%",
                        "max_unavailable": "25%"
                      }
                    ],
                    "type": "RollingUpdate"
                  }
                ],
                "template": [
                  {
                    "metadata": [
                      {
                        "annotations": {},
                        "generate_name": "",
                        "generation": 0,
                        "labels": {
                          "App": "ScalableRESTExample"
                        },
                        "name": "",
                        "namespace": "",
                        "resource_version": "",
                        "uid": ""
                      }
                    ],
                    "spec": [
                      {
                        "active_deadline_seconds": 0,
                        "affinity": [],
                        "automount_service_account_token": true,
                        "container": [
                          {
                            "args": [],
                            "command": [],
                            "env": [],
                            "env_from": [],
                            "image": "jburns24/rest-api:v1.0.0",
                            "image_pull_policy": "IfNotPresent",
                            "lifecycle": [],
                            "liveness_probe": [],
                            "name": "rest-api",
                            "port": [
                              {
                                "container_port": 80,
                                "host_ip": "",
                                "host_port": 0,
                                "name": "",
                                "protocol": "TCP"
                              }
                            ],
                            "readiness_probe": [],
                            "resources": [
                              {
                                "limits": {
                                  "cpu": "500m",
                                  "memory": "512Mi"
                                },
                                "requests": {
                                  "cpu": "250m",
                                  "memory": "50Mi"
                                }
                              }
                            ],
                            "security_context": [],
                            "startup_probe": [],
                            "stdin": false,
                            "stdin_once": false,
                            "termination_message_path": "/dev/termination-log",
                            "termination_message_policy": "File",
                            "tty": false,
                            "volume_mount": [],
                            "working_dir": ""
                          }
                        ],
                        "dns_config": [],
                        "dns_policy": "ClusterFirst",
                        "enable_service_links": true,
                        "host_aliases": [],
                        "host_ipc": false,
                        "host_network": false,
                        "host_pid": false,
                        "hostname": "",
                        "image_pull_secrets": [],
                        "init_container": [],
                        "node_name": "",
                        "node_selector": {},
                        "priority_class_name": "",
                        "readiness_gate": [],
                        "restart_policy": "Always",
                        "runtime_class_name": "",
                        "security_context": [],
                        "service_account_name": "",
                        "share_process_namespace": false,
                        "subdomain": "",
                        "termination_grace_period_seconds": 30,
                        "toleration": [],
                        "topology_spread_constraint": [],
                        "volume": []
                      }
                    ]
                  }
                ]
              }
            ],
            "timeouts": null,
            "wait_for_rollout": true
          },
          "sensitive_attributes": [],
          "private": "eyJlMmJmYjczMC1lY2FhLTExZTYtOGY4OC0zNDM2M2JjN2M0YzAiOnsiY3JlYXRlIjo2MDAwMDAwMDAwMDAsImRlbGV0ZSI6NjAwMDAwMDAwMDAwLCJ1cGRhdGUiOjYwMDAwMDAwMDAwMH0sInNjaGVtYV92ZXJzaW9uIjoiMSJ9",
          "dependencies": [
            "data.aws_eks_cluster.cluster",
            "data.terraform_remote_state.eks"
          ]
        }
      ]
    },
    {
      "mode": "managed",
      "type": "kubernetes_service",
      "name": "rest-api",
      "provider": "provider[\"registry.terraform.io/hashicorp/kubernetes\"]",
      "instances": [
        {
          "schema_version": 1,
          "attributes": {
            "id": "default/rest-example",
            "metadata": [
              {
                "annotations": {},
                "generate_name": "",
                "generation": 0,
                "labels": {},
                "name": "rest-example",
                "namespace": "default",
                "resource_version": "17820",
                "uid": "599f3ad3-536c-4434-bbf4-621d8cfcaf77"
              }
            ],
            "spec": [
              {
                "allocate_load_balancer_node_ports": true,
                "cluster_ip": "172.20.89.64",
                "cluster_ips": [
                  "172.20.89.64"
                ],
                "external_ips": [],
                "external_name": "",
                "external_traffic_policy": "Cluster",
                "health_check_node_port": 0,
                "internal_traffic_policy": "Cluster",
                "ip_families": [
                  "IPv4"
                ],
                "ip_family_policy": "SingleStack",
                "load_balancer_class": "",
                "load_balancer_ip": "",
                "load_balancer_source_ranges": [],
                "port": [
                  {
                    "app_protocol": "",
                    "name": "",
                    "node_port": 32329,
                    "port": 80,
                    "protocol": "TCP",
                    "target_port": "80"
                  }
                ],
                "publish_not_ready_addresses": false,
                "selector": {
                  "App": "ScalableRESTExample"
                },
                "session_affinity": "None",
                "session_affinity_config": [],
                "type": "LoadBalancer"
              }
            ],
            "status": [
              {
                "load_balancer": [
                  {
                    "ingress": [
                      {
                        "hostname": "a599f3ad3536c4434bbf4621d8cfcaf7-249912035.us-east-2.elb.amazonaws.com",
                        "ip": ""
                      }
                    ]
                  }
                ]
              }
            ],
            "timeouts": null,
            "wait_for_load_balancer": true
          },
          "sensitive_attributes": [],
          "private": "eyJlMmJmYjczMC1lY2FhLTExZTYtOGY4OC0zNDM2M2JjN2M0YzAiOnsiY3JlYXRlIjo2MDAwMDAwMDAwMDB9LCJzY2hlbWFfdmVyc2lvbiI6IjEifQ==",
          "dependencies": [
            "data.aws_eks_cluster.cluster",
            "data.terraform_remote_state.eks",
            "kubernetes_deployment.rest-api"
          ]
        }
      ]
    }
  ],
  "check_results": null
}
