{
  "version": 4,
  "terraform_version": "1.3.7",
  "serial": 33,
  "lineage": "ffb5a2f0-5525-1a44-33f9-b5fb10b3311f",
  "outputs": {
    "service_endpoint": {
      "value": "afa16418218244c90a0c1a29f6c3c878-167930961.us-east-2.elb.amazonaws.com",
      "type": "string"
    }
  },
  "resources": [
    {
      "mode": "data",
      "type": "aws_eks_cluster",
      "name": "cluster",
      "provider": "provider[\"registry.terraform.io/hashicorp/aws\"]",
      "instances": [
        {
          "schema_version": 0,
          "attributes": {
            "arn": "arn:aws:eks:us-east-2:503429013155:cluster/education-eks-a04Z6B9V",
            "certificate_authority": [
              {
                "data": "LS0tLS1CRUdJTiBDRVJUSUZJQ0FURS0tLS0tCk1JSUMvakNDQWVhZ0F3SUJBZ0lCQURBTkJna3Foa2lHOXcwQkFRc0ZBREFWTVJNd0VRWURWUVFERXdwcmRXSmwKY201bGRHVnpNQjRYRFRJek1ERXlOREF6TkRZd01Wb1hEVE16TURFeU1UQXpORFl3TVZvd0ZURVRNQkVHQTFVRQpBeE1LYTNWaVpYSnVaWFJsY3pDQ0FTSXdEUVlKS29aSWh2Y05BUUVCQlFBRGdnRVBBRENDQVFvQ2dnRUJBTnhCClVaajBvWVl6QldMdFRMU3NZclFVZHBzL3BlZTMySjBTaUZMYVpIelBvdFhyblB5b2dIelJBdjZyQUZHMkFpdmoKek9FVlR3aXl1VFhnQkd6ZnNCdVM1ZDZ2UUxlRHU5SktXUyt1UWV6UTFRNHJENXpyZHJEQzJ6djN2UERZMVJTdwpER1RaYU1XZFUyV2RHdS8xcTB1Z2Rpa0J1Y2VFZnA4R0ttUWM5ZWlGb0s3NkVqeFpYbHhlZUVQa1lQMUJ6Vi9vCkN4ejFEOVUvWkRPcG9lSUswajV4ejRhRUpnK25sa1VWZWNtZjdlYVRLK1l6R3JFeEh1OVZRL1BiZExWRVJranQKNHdKS09uaVIyY1AwVDJIK2RrRGlobE9YRlJxb2JyaHgwcHNXbENvYlc0YWRvR0ZMUGFJbHhGRlZDY0hsZDlFYgpBdlJ2YW1pZjBTa1lnMGd0djZjQ0F3RUFBYU5aTUZjd0RnWURWUjBQQVFIL0JBUURBZ0trTUE4R0ExVWRFd0VCCi93UUZNQU1CQWY4d0hRWURWUjBPQkJZRUZQWk93aFhhVU93ZTlqQlZBRm9NY2dsb3IzdW5NQlVHQTFVZEVRUU8KTUF5Q0NtdDFZbVZ5Ym1WMFpYTXdEUVlKS29aSWh2Y05BUUVMQlFBRGdnRUJBSGRmdFJRZyt2bUZvOUFrdHBCOQpEUURLT04xRy8zdmI3eVcwNVM1Zkc4WUpqaWRjbnkwYXV4dHpMa2ZQODVGYmpVM1hBWTEwK1RaRVVQcWlLSlBYCmNCSjY1UG1vMFRGNW11UHk2OGZJQVVCRHJGSksrajAwTytHZkNkYnV5UDBrUHV2dW10QVlLR2JZNVdmd2RhemkKNDVMUE5ialRWY0hvWFVHMTl1bUVHWS9VdHZiaTUwcDlUcU9Hb0FrVVRHWUl2QnpNN2EvSDRZSjhpRXdHZFk3Ugppdy9wT1pLVW0zM0VjelZjUVJFTDZoWm1jMUpEbytWazZZdUludmczbWxvS3hTVmZNdTlYV0tQTUFnSi91L0hLCnRxT0dscVp4U01KZUE5QlBOWVBKU1NCb1FUaEtjVjladml2NzIvU1BlWEJIajZZOVdtR3h6WnNCbHpBNmVLcnIKQ2VZPQotLS0tLUVORCBDRVJUSUZJQ0FURS0tLS0tCg=="
              }
            ],
            "cluster_id": null,
            "created_at": "2023-01-24 03:40:45.262 +0000 UTC",
            "enabled_cluster_log_types": [
              "api",
              "audit",
              "authenticator"
            ],
            "endpoint": "https://AA741CAEF15B07EE1551C54554C64DFB.yl4.us-east-2.eks.amazonaws.com",
            "id": "education-eks-a04Z6B9V",
            "identity": [
              {
                "oidc": [
                  {
                    "issuer": "https://oidc.eks.us-east-2.amazonaws.com/id/AA741CAEF15B07EE1551C54554C64DFB"
                  }
                ]
              }
            ],
            "kubernetes_network_config": [
              {
                "ip_family": "ipv4",
                "service_ipv4_cidr": "172.20.0.0/16",
                "service_ipv6_cidr": ""
              }
            ],
            "name": "education-eks-a04Z6B9V",
            "outpost_config": [],
            "platform_version": "eks.3",
            "role_arn": "arn:aws:iam::503429013155:role/education-eks-a04Z6B9V-cluster-20230124034023502700000003",
            "status": "ACTIVE",
            "tags": {},
            "version": "1.24",
            "vpc_config": [
              {
                "cluster_security_group_id": "sg-098d901a4a80e17e9",
                "endpoint_private_access": true,
                "endpoint_public_access": true,
                "public_access_cidrs": [
                  "0.0.0.0/0"
                ],
                "security_group_ids": [
                  "sg-0922b73f77afb5217"
                ],
                "subnet_ids": [
                  "subnet-0337f582051ecff79",
                  "subnet-07c1d12d22228b8ff",
                  "subnet-088fd981fff9fbbed"
                ],
                "vpc_id": "vpc-0c4a18ecc0cb44873"
              }
            ]
          },
          "sensitive_attributes": []
        }
      ]
    },
    {
      "mode": "data",
      "type": "terraform_remote_state",
      "name": "eks",
      "provider": "provider[\"terraform.io/builtin/terraform\"]",
      "instances": [
        {
          "schema_version": 0,
          "attributes": {
            "backend": "local",
            "config": {
              "value": {
                "path": "../terraform.tfstate"
              },
              "type": [
                "object",
                {
                  "path": "string"
                }
              ]
            },
            "defaults": null,
            "outputs": {
              "value": {
                "cluster_endpoint": "https://AA741CAEF15B07EE1551C54554C64DFB.yl4.us-east-2.eks.amazonaws.com",
                "cluster_name": "education-eks-a04Z6B9V",
                "cluster_security_group_id": "sg-0922b73f77afb5217",
                "region": "us-east-2"
              },
              "type": [
                "object",
                {
                  "cluster_endpoint": "string",
                  "cluster_name": "string",
                  "cluster_security_group_id": "string",
                  "region": "string"
                }
              ]
            },
            "workspace": null
          },
          "sensitive_attributes": []
        }
      ]
    },
    {
      "mode": "managed",
      "type": "kubernetes_deployment",
      "name": "rest-api",
      "provider": "provider[\"registry.terraform.io/hashicorp/kubernetes\"]",
      "instances": [
        {
          "schema_version": 1,
          "attributes": {
            "id": "default/scalable-rest-example",
            "metadata": [
              {
                "annotations": {},
                "generate_name": "",
                "generation": 2,
                "labels": {
                  "App": "ScalableRESTExample"
                },
                "name": "scalable-rest-example",
                "namespace": "default",
                "resource_version": "11520",
                "uid": "82e08f64-83cf-4c1e-ba6f-7ece99b838e0"
              }
            ],
            "spec": [
              {
                "min_ready_seconds": 0,
                "paused": false,
                "progress_deadline_seconds": 600,
                "replicas": "2",
                "revision_history_limit": 10,
                "selector": [
                  {
                    "match_expressions": [],
                    "match_labels": {
                      "App": "ScalableRESTExample"
                    }
                  }
                ],
                "strategy": [
                  {
                    "rolling_update": [
                      {
                        "max_surge": "25%",
                        "max_unavailable": "25%"
                      }
                    ],
                    "type": "RollingUpdate"
                  }
                ],
                "template": [
                  {
                    "metadata": [
                      {
                        "annotations": {},
                        "generate_name": "",
                        "generation": 0,
                        "labels": {
                          "App": "ScalableRESTExample"
                        },
                        "name": "",
                        "namespace": "",
                        "resource_version": "",
                        "uid": ""
                      }
                    ],
                    "spec": [
                      {
                        "active_deadline_seconds": 0,
                        "affinity": [],
                        "automount_service_account_token": true,
                        "container": [
                          {
                            "args": [],
                            "command": [],
                            "env": [],
                            "env_from": [],
                            "image": "jburns24/rest-api:v1.0.1",
                            "image_pull_policy": "IfNotPresent",
                            "lifecycle": [],
                            "liveness_probe": [],
                            "name": "rest-api",
                            "port": [
                              {
                                "container_port": 80,
                                "host_ip": "",
                                "host_port": 0,
                                "name": "",
                                "protocol": "TCP"
                              }
                            ],
                            "readiness_probe": [],
                            "resources": [
                              {
                                "limits": {
                                  "cpu": "500m",
                                  "memory": "512Mi"
                                },
                                "requests": {
                                  "cpu": "250m",
                                  "memory": "50Mi"
                                }
                              }
                            ],
                            "security_context": [],
                            "startup_probe": [],
                            "stdin": false,
                            "stdin_once": false,
                            "termination_message_path": "/dev/termination-log",
                            "termination_message_policy": "File",
                            "tty": false,
                            "volume_mount": [],
                            "working_dir": ""
                          }
                        ],
                        "dns_config": [],
                        "dns_policy": "ClusterFirst",
                        "enable_service_links": true,
                        "host_aliases": [],
                        "host_ipc": false,
                        "host_network": false,
                        "host_pid": false,
                        "hostname": "",
                        "image_pull_secrets": [],
                        "init_container": [],
                        "node_name": "",
                        "node_selector": {},
                        "priority_class_name": "",
                        "readiness_gate": [],
                        "restart_policy": "Always",
                        "runtime_class_name": "",
                        "security_context": [],
                        "service_account_name": "",
                        "share_process_namespace": false,
                        "subdomain": "",
                        "termination_grace_period_seconds": 30,
                        "toleration": [],
                        "topology_spread_constraint": [],
                        "volume": []
                      }
                    ]
                  }
                ]
              }
            ],
            "timeouts": null,
            "wait_for_rollout": true
          },
          "sensitive_attributes": [],
          "private": "eyJlMmJmYjczMC1lY2FhLTExZTYtOGY4OC0zNDM2M2JjN2M0YzAiOnsiY3JlYXRlIjo2MDAwMDAwMDAwMDAsImRlbGV0ZSI6NjAwMDAwMDAwMDAwLCJ1cGRhdGUiOjYwMDAwMDAwMDAwMH0sInNjaGVtYV92ZXJzaW9uIjoiMSJ9",
          "dependencies": [
            "data.aws_eks_cluster.cluster",
            "data.terraform_remote_state.eks"
          ]
        }
      ]
    },
    {
      "mode": "managed",
      "type": "kubernetes_service",
      "name": "rest-api",
      "provider": "provider[\"registry.terraform.io/hashicorp/kubernetes\"]",
      "instances": [
        {
          "schema_version": 1,
          "attributes": {
            "id": "default/rest-example",
            "metadata": [
              {
                "annotations": {},
                "generate_name": "",
                "generation": 0,
                "labels": {},
                "name": "rest-example",
                "namespace": "default",
                "resource_version": "1489",
                "uid": "fa164182-1824-4c90-a0c1-a29f6c3c8785"
              }
            ],
            "spec": [
              {
                "allocate_load_balancer_node_ports": true,
                "cluster_ip": "172.20.68.60",
                "cluster_ips": [
                  "172.20.68.60"
                ],
                "external_ips": [],
                "external_name": "",
                "external_traffic_policy": "Cluster",
                "health_check_node_port": 0,
                "internal_traffic_policy": "Cluster",
                "ip_families": [
                  "IPv4"
                ],
                "ip_family_policy": "SingleStack",
                "load_balancer_class": "",
                "load_balancer_ip": "",
                "load_balancer_source_ranges": [],
                "port": [
                  {
                    "app_protocol": "",
                    "name": "",
                    "node_port": 30410,
                    "port": 80,
                    "protocol": "TCP",
                    "target_port": "80"
                  }
                ],
                "publish_not_ready_addresses": false,
                "selector": {
                  "App": "ScalableRESTExample"
                },
                "session_affinity": "None",
                "session_affinity_config": [],
                "type": "LoadBalancer"
              }
            ],
            "status": [
              {
                "load_balancer": [
                  {
                    "ingress": [
                      {
                        "hostname": "afa16418218244c90a0c1a29f6c3c878-167930961.us-east-2.elb.amazonaws.com",
                        "ip": ""
                      }
                    ]
                  }
                ]
              }
            ],
            "timeouts": null,
            "wait_for_load_balancer": true
          },
          "sensitive_attributes": [],
          "private": "eyJlMmJmYjczMC1lY2FhLTExZTYtOGY4OC0zNDM2M2JjN2M0YzAiOnsiY3JlYXRlIjo2MDAwMDAwMDAwMDB9LCJzY2hlbWFfdmVyc2lvbiI6IjEifQ==",
          "dependencies": [
            "data.aws_eks_cluster.cluster",
            "data.terraform_remote_state.eks",
            "kubernetes_deployment.rest-api"
          ]
        }
      ]
    }
  ],
  "check_results": null
}
